{
  "name": "@muukii/chglog-cli",
  "version": "2.1.0",
  "lockfileVersion": 1,
  "requires": true,
  "dependencies": {
    "@types/node": {
      "version": "14.14.25",
      "resolved": "https://registry.npmjs.org/@types/node/-/node-14.14.25.tgz",
      "integrity": "sha512-EPpXLOVqDvisVxtlbvzfyqSsFeQxltFbluZNRndIb8tr9KiBnYNLzrc1N3pyKUCww2RNrfHDViqDWWE1LCJQtQ==",
      "dev": true
    },
    "@types/nodegit": {
      "version": "0.26.12",
      "resolved": "https://registry.npmjs.org/@types/nodegit/-/nodegit-0.26.12.tgz",
      "integrity": "sha512-4YpeTImFZNJ1cve4lEueHFVS8rAs8XpZqlmx+Bm9bMc+XMiCrcwaUf6peN7pod7Rl3esVlGP1zdBB7Z12eMVAA==",
      "dev": true,
      "requires": {
        "@types/node": "*"
      }
    }
  }
}
